
Microsoft Visual Studio Solution File, Format Version 12.00
# Visual Studio Version 17
VisualStudioVersion = 17.1.32328.378
MinimumVisualStudioVersion = 10.0.40219.1
Project("{9A19103F-16F7-4668-BE54-9A1E7A4F7556}") = "Directa.Tests", "Directa.Tests\Directa.Tests.csproj", "{F9AEE38B-85C9-42F5-8784-B27B5DF4B239}"
EndProject
Project("{9A19103F-16F7-4668-BE54-9A1E7A4F7556}") = "Directa.Compiler", "Directa.Compiler\Directa.Compiler.csproj", "{6DE0235F-B7DC-414C-AB7E-BE03AB38A421}"
EndProject
Project("{9A19103F-16F7-4668-BE54-9A1E7A4F7556}") = "Directa.Interpreter", "Directa.Interpreter\Directa.Interpreter.csproj", "{A7691FDD-A899-414A-819F-A4E6A8529538}"
EndProject
Project("{9A19103F-16F7-4668-BE54-9A1E7A4F7556}") = "Directa.Runtime", "Directa.Runtime\Directa.Runtime.csproj", "{96BBE88F-3A01-4E38-9400-D6C7216DB984}"
EndProject
Global
	GlobalSection(SolutionConfigurationPlatforms) = preSolution
		Debug|Any CPU = Debug|Any CPU
		Debug|x64 = Debug|x64
		Debug|x86 = Debug|x86
		Release|Any CPU = Release|Any CPU
		Release|x64 = Release|x64
		Release|x86 = Release|x86
	EndGlobalSection
	GlobalSection(ProjectConfigurationPlatforms) = postSolution
		{F9AEE38B-85C9-42F5-8784-B27B5DF4B239}.Debug|Any CPU.ActiveCfg = Debug|Any CPU
		{F9AEE38B-85C9-42F5-8784-B27B5DF4B239}.Debug|Any CPU.Build.0 = Debug|Any CPU
		{F9AEE38B-85C9-42F5-8784-B27B5DF4B239}.Debug|x64.ActiveCfg = Debug|Any CPU
		{F9AEE38B-85C9-42F5-8784-B27B5DF4B239}.Debug|x64.Build.0 = Debug|Any CPU
		{F9AEE38B-85C9-42F5-8784-B27B5DF4B239}.Debug|x86.ActiveCfg = Debug|Any CPU
		{F9AEE38B-85C9-42F5-8784-B27B5DF4B239}.Debug|x86.Build.0 = Debug|Any CPU
		{F9AEE38B-85C9-42F5-8784-B27B5DF4B239}.Release|Any CPU.ActiveCfg = Release|Any CPU
		{F9AEE38B-85C9-42F5-8784-B27B5DF4B239}.Release|Any CPU.Build.0 = Release|Any CPU
		{F9AEE38B-85C9-42F5-8784-B27B5DF4B239}.Release|x64.ActiveCfg = Release|Any CPU
		{F9AEE38B-85C9-42F5-8784-B27B5DF4B239}.Release|x64.Build.0 = Release|Any CPU
		{F9AEE38B-85C9-42F5-8784-B27B5DF4B239}.Release|x86.ActiveCfg = Release|Any CPU
		{F9AEE38B-85C9-42F5-8784-B27B5DF4B239}.Release|x86.Build.0 = Release|Any CPU
		{6DE0235F-B7DC-414C-AB7E-BE03AB38A421}.Debug|Any CPU.ActiveCfg = Debug|Any CPU
		{6DE0235F-B7DC-414C-AB7E-BE03AB38A421}.Debug|Any CPU.Build.0 = Debug|Any CPU
		{6DE0235F-B7DC-414C-AB7E-BE03AB38A421}.Debug|x64.ActiveCfg = Debug|Any CPU
		{6DE0235F-B7DC-414C-AB7E-BE03AB38A421}.Debug|x64.Build.0 = Debug|Any CPU
		{6DE0235F-B7DC-414C-AB7E-BE03AB38A421}.Debug|x86.ActiveCfg = Debug|Any CPU
		{6DE0235F-B7DC-414C-AB7E-BE03AB38A421}.Debug|x86.Build.0 = Debug|Any CPU
		{6DE0235F-B7DC-414C-AB7E-BE03AB38A421}.Release|Any CPU.ActiveCfg = Release|Any CPU
		{6DE0235F-B7DC-414C-AB7E-BE03AB38A421}.Release|Any CPU.Build.0 = Release|Any CPU
		{6DE0235F-B7DC-414C-AB7E-BE03AB38A421}.Release|x64.ActiveCfg = Release|Any CPU
		{6DE0235F-B7DC-414C-AB7E-BE03AB38A421}.Release|x64.Build.0 = Release|Any CPU
		{6DE0235F-B7DC-414C-AB7E-BE03AB38A421}.Release|x86.ActiveCfg = Release|Any CPU
		{6DE0235F-B7DC-414C-AB7E-BE03AB38A421}.Release|x86.Build.0 = Release|Any CPU
		{A7691FDD-A899-414A-819F-A4E6A8529538}.Debug|Any CPU.ActiveCfg = Debug|Any CPU
		{A7691FDD-A899-414A-819F-A4E6A8529538}.Debug|Any CPU.Build.0 = Debug|Any CPU
		{A7691FDD-A899-414A-819F-A4E6A8529538}.Debug|x64.ActiveCfg = Debug|Any CPU
		{A7691FDD-A899-414A-819F-A4E6A8529538}.Debug|x64.Build.0 = Debug|Any CPU
		{A7691FDD-A899-414A-819F-A4E6A8529538}.Debug|x86.ActiveCfg = Debug|Any CPU
		{A7691FDD-A899-414A-819F-A4E6A8529538}.Debug|x86.Build.0 = Debug|Any CPU
		{A7691FDD-A899-414A-819F-A4E6A8529538}.Release|Any CPU.ActiveCfg = Release|Any CPU
		{A7691FDD-A899-414A-819F-A4E6A8529538}.Release|Any CPU.Build.0 = Release|Any CPU
		{A7691FDD-A899-414A-819F-A4E6A8529538}.Release|x64.ActiveCfg = Release|Any CPU
		{A7691FDD-A899-414A-819F-A4E6A8529538}.Release|x64.Build.0 = Release|Any CPU
		{A7691FDD-A899-414A-819F-A4E6A8529538}.Release|x86.ActiveCfg = Release|Any CPU
		{A7691FDD-A899-414A-819F-A4E6A8529538}.Release|x86.Build.0 = Release|Any CPU
		{96BBE88F-3A01-4E38-9400-D6C7216DB984}.Debug|Any CPU.ActiveCfg = Debug|Any CPU
		{96BBE88F-3A01-4E38-9400-D6C7216DB984}.Debug|Any CPU.Build.0 = Debug|Any CPU
		{96BBE88F-3A01-4E38-9400-D6C7216DB984}.Debug|x64.ActiveCfg = Debug|Any CPU
		{96BBE88F-3A01-4E38-9400-D6C7216DB984}.Debug|x64.Build.0 = Debug|Any CPU
		{96BBE88F-3A01-4E38-9400-D6C7216DB984}.Debug|x86.ActiveCfg = Debug|Any CPU
		{96BBE88F-3A01-4E38-9400-D6C7216DB984}.Debug|x86.Build.0 = Debug|Any CPU
		{96BBE88F-3A01-4E38-9400-D6C7216DB984}.Release|Any CPU.ActiveCfg = Release|Any CPU
		{96BBE88F-3A01-4E38-9400-D6C7216DB984}.Release|Any CPU.Build.0 = Release|Any CPU
		{96BBE88F-3A01-4E38-9400-D6C7216DB984}.Release|x64.ActiveCfg = Release|Any CPU
		{96BBE88F-3A01-4E38-9400-D6C7216DB984}.Release|x64.Build.0 = Release|Any CPU
		{96BBE88F-3A01-4E38-9400-D6C7216DB984}.Release|x86.ActiveCfg = Release|Any CPU
		{96BBE88F-3A01-4E38-9400-D6C7216DB984}.Release|x86.Build.0 = Release|Any CPU
	EndGlobalSection
	GlobalSection(SolutionProperties) = preSolution
		HideSolutionNode = FALSE
	EndGlobalSection
	GlobalSection(ExtensibilityGlobals) = postSolution
		SolutionGuid = {CE779D0A-0938-46BD-BA65-98CD6713317A}
	EndGlobalSection
EndGlobal
